
Microsoft Visual Studio Solution File, Format Version 12.00
# Visual Studio Version 16
VisualStudioVersion = 16.0.29709.97
MinimumVisualStudioVersion = 10.0.40219.1
Project("{FAE04EC0-301F-11D3-BF4B-00C04F79EFBC}") = "Movie-API-DotNetCore", "Movie-API-DotNetCore.csproj", "{4AC0AB4B-5901-44F1-B3B4-A2FDE7AA30B9}"
EndProject
Global
	GlobalSection(SolutionConfigurationPlatforms) = preSolution
		Debug|Any CPU = Debug|Any CPU
		Release|Any CPU = Release|Any CPU
	EndGlobalSection
	GlobalSection(ProjectConfigurationPlatforms) = postSolution
		{4AC0AB4B-5901-44F1-B3B4-A2FDE7AA30B9}.Debug|Any CPU.ActiveCfg = Debug|Any CPU
		{4AC0AB4B-5901-44F1-B3B4-A2FDE7AA30B9}.Debug|Any CPU.Build.0 = Debug|Any CPU
		{4AC0AB4B-5901-44F1-B3B4-A2FDE7AA30B9}.Release|Any CPU.ActiveCfg = Release|Any CPU
		{4AC0AB4B-5901-44F1-B3B4-A2FDE7AA30B9}.Release|Any CPU.Build.0 = Release|Any CPU
	EndGlobalSection
	GlobalSection(SolutionProperties) = preSolution
		HideSolutionNode = FALSE
	EndGlobalSection
	GlobalSection(ExtensibilityGlobals) = postSolution
		SolutionGuid = {E76D7868-BA3B-47F5-A0A2-25FEDB0D4D08}
	EndGlobalSection
EndGlobal
